
Microsoft Visual Studio Solution File, Format Version 12.00
# Visual Studio Version 16
VisualStudioVersion = 16.0.28803.452
MinimumVisualStudioVersion = 10.0.40219.1
Project("{9A19103F-16F7-4668-BE54-9A1E7A4F7556}") = "SeleniumExample", "SeleniumExample\SeleniumExample.csproj", "{89604B01-E4E4-479A-A8A8-EBEC29B8865E}"
EndProject
Global
	GlobalSection(SolutionConfigurationPlatforms) = preSolution
		Debug|Any CPU = Debug|Any CPU
		Release|Any CPU = Release|Any CPU
	EndGlobalSection
	GlobalSection(ProjectConfigurationPlatforms) = postSolution
		{89604B01-E4E4-479A-A8A8-EBEC29B8865E}.Debug|Any CPU.ActiveCfg = Debug|Any CPU
		{89604B01-E4E4-479A-A8A8-EBEC29B8865E}.Debug|Any CPU.Build.0 = Debug|Any CPU
		{89604B01-E4E4-479A-A8A8-EBEC29B8865E}.Release|Any CPU.ActiveCfg = Release|Any CPU
		{89604B01-E4E4-479A-A8A8-EBEC29B8865E}.Release|Any CPU.Build.0 = Release|Any CPU
	EndGlobalSection
	GlobalSection(SolutionProperties) = preSolution
		HideSolutionNode = FALSE
	EndGlobalSection
	GlobalSection(ExtensibilityGlobals) = postSolution
		SolutionGuid = {3FF295A1-2E86-488F-872B-CD28E65CC4D4}
	EndGlobalSection
EndGlobal
